{
  "name": "week11quiz",
  "version": "1.0.0",
  "lockfileVersion": 2,
  "requires": true,
  "packages": {
    "": {
      "name": "week11quiz",
      "version": "1.0.0",
      "license": "ISC",
      "dependencies": {
        "boot": "^0.8.2",
        "jquery": "^3.6.0",
        "strap": "^0.1.0"
      }
    },
    "node_modules/backoff": {
      "version": "0.3.0",
      "resolved": "https://registry.npmjs.org/backoff/-/backoff-0.3.0.tgz",
      "integrity": "sha1-1jy6uQsEddPM8vrJKeEa+WOpZgg=",
      "engines": {
        "node": ">= 0.6"
      }
    },
    "node_modules/boot": {
      "version": "0.8.2",
      "resolved": "https://registry.npmjs.org/boot/-/boot-0.8.2.tgz",
      "integrity": "sha1-wE/botofzLxc1BeW1QEA6ftL2yQ=",
      "dependencies": {
        "backoff": "~0.3.0",
        "duplexer": "~0.0.2",
        "mux-demux-shoe": "~0.2.4",
        "pause-stream": "0.0.3",
        "through": "~0.1.4"
      }
    },
    "node_modules/commander": {
      "version": "1.1.1",
      "resolved": "https://registry.npmjs.org/commander/-/commander-1.1.1.tgz",
      "integrity": "sha1-UNFlGGiuYOzP8KLZ80WVN2vGsEE=",
      "dependencies": {
        "keypress": "0.1.x"
      },
      "engines": {
        "node": ">= 0.6.x"
      }
    },
    "node_modules/duplexer": {
      "version": "0.0.4",
      "resolved": "https://registry.npmjs.org/duplexer/-/duplexer-0.0.4.tgz",
      "integrity": "sha1-r8t/H4uNdPggcmFx1dZKyeSo/yA="
    },
    "node_modules/event-stream": {
      "version": "2.2.3",
      "resolved": "https://registry.npmjs.org/event-stream/-/event-stream-2.2.3.tgz",
      "integrity": "sha1-AlAgWyWZFkkPZ4O0HC5Js/AdQvc=",
      "dependencies": {
        "duplexer": "0.0.1",
        "from": "~0",
        "map-stream": "0.0.1",
        "optimist": "0.2",
        "through": "0.0.4"
      },
      "engines": {
        "node": "*"
      }
    },
    "node_modules/event-stream/node_modules/duplexer": {
      "version": "0.0.1",
      "resolved": "https://registry.npmjs.org/duplexer/-/duplexer-0.0.1.tgz",
      "integrity": "sha1-A8quBvDxOYehWsiY86g82KlwDaY="
    },
    "node_modules/event-stream/node_modules/through": {
      "version": "0.0.4",
      "resolved": "https://registry.npmjs.org/through/-/through-0.0.4.tgz",
      "integrity": "sha1-C/Lw//r6rEusvFM2Z+mKrQC1iMg="
    },
    "node_modules/faye-websocket": {
      "version": "0.11.4",
      "resolved": "https://registry.npmjs.org/faye-websocket/-/faye-websocket-0.11.4.tgz",
      "integrity": "sha512-CzbClwlXAuiRQAlUyfqPgvPoNKTckTPGfwZV4ZdAhVcP2lh9KUxJg2b5GkE7XbjKQ3YJnQ9z6D9ntLAlB+tP8g==",
      "dependencies": {
        "websocket-driver": ">=0.5.1"
      },
      "engines": {
        "node": ">=0.8.0"
      }
    },
    "node_modules/from": {
      "version": "0.1.7",
      "resolved": "https://registry.npmjs.org/from/-/from-0.1.7.tgz",
      "integrity": "sha1-g8YK/Fi5xWmXAH7Rp2izqzA6RP4="
    },
    "node_modules/http-parser-js": {
      "version": "0.5.6",
      "resolved": "https://registry.npmjs.org/http-parser-js/-/http-parser-js-0.5.6.tgz",
      "integrity": "sha512-vDlkRPDJn93swjcjqMSaGSPABbIarsr1TLAui/gLDXzV5VsJNdXNzMYDyNBLQkjWQCJ1uizu8T2oDMhmGt0PRA=="
    },
    "node_modules/jquery": {
      "version": "3.6.0",
      "resolved": "https://registry.npmjs.org/jquery/-/jquery-3.6.0.tgz",
      "integrity": "sha512-JVzAR/AjBvVt2BmYhxRCSYysDsPcssdmTFnzyLEts9qNwmjmu4JTAMYubEfwVOSwpQ1I1sKKFcxhZCI2buerfw=="
    },
    "node_modules/keypress": {
      "version": "0.1.0",
      "resolved": "https://registry.npmjs.org/keypress/-/keypress-0.1.0.tgz",
      "integrity": "sha1-SjGI1CkbZrT2XtuZ+AaqmuKTWSo="
    },
    "node_modules/map-stream": {
      "version": "0.0.1",
      "resolved": "https://registry.npmjs.org/map-stream/-/map-stream-0.0.1.tgz",
      "integrity": "sha1-f9KiVPl+knKqY0cXv8PnPAZir6o="
    },
    "node_modules/mux-demux": {
      "version": "2.3.0",
      "resolved": "git+ssh://git@github.com/Raynos/mux-demux.git#5ad47cac978f1879972dcada93bde8bec26fda64",
      "dependencies": {
        "event-stream": "~2.2",
        "xtend": "~1.0.3"
      },
      "engines": {
        "node": "*"
      }
    },
    "node_modules/mux-demux-shoe": {
      "version": "0.2.7",
      "resolved": "https://registry.npmjs.org/mux-demux-shoe/-/mux-demux-shoe-0.2.7.tgz",
      "integrity": "sha1-V9o9rnwMFSAC1sijfqiSWOYD/DU=",
      "dependencies": {
        "mux-demux": "git://github.com/Raynos/mux-demux.git#error-messages",
        "shoe": "0.0.4"
      }
    },
    "node_modules/optimist": {
      "version": "0.2.8",
      "resolved": "https://registry.npmjs.org/optimist/-/optimist-0.2.8.tgz",
      "integrity": "sha1-6YGrfiaLRXlIWTtVZ0wJmoFcrDE=",
      "dependencies": {
        "wordwrap": ">=0.0.1 <0.1.0"
      },
      "engines": {
        "node": "*"
      }
    },
    "node_modules/pause-stream": {
      "version": "0.0.3",
      "resolved": "https://registry.npmjs.org/pause-stream/-/pause-stream-0.0.3.tgz",
      "integrity": "sha1-Uf8/6rI7fi10BYlwxZ2mM1mLWgI="
    },
    "node_modules/safe-buffer": {
      "version": "5.2.1",
      "resolved": "https://registry.npmjs.org/safe-buffer/-/safe-buffer-5.2.1.tgz",
      "integrity": "sha512-rp3So07KcdmmKbGvgaNxQSJr7bGVSVk5S9Eq1F+ppbRo70+YeaDxkw5Dd8NPN+GD6bjnYm2VuPuCXmpuYvmCXQ==",
      "funding": [
        {
          "type": "github",
          "url": "https://github.com/sponsors/feross"
        },
        {
          "type": "patreon",
          "url": "https://www.patreon.com/feross"
        },
        {
          "type": "consulting",
          "url": "https://feross.org/support"
        }
      ]
    },
    "node_modules/shoe": {
      "version": "0.0.4",
      "resolved": "https://registry.npmjs.org/shoe/-/shoe-0.0.4.tgz",
      "integrity": "sha1-8EF8rhnI0UrtD+yIl1Swbozv+C4=",
      "dependencies": {
        "sockjs": "~0.3.1",
        "sockjs-client": "git://github.com/substack/sockjs-client.git#browserify-npm"
      }
    },
    "node_modules/sockjs": {
      "version": "0.3.24",
      "resolved": "https://registry.npmjs.org/sockjs/-/sockjs-0.3.24.tgz",
      "integrity": "sha512-GJgLTZ7vYb/JtPSSZ10hsOYIvEYsjbNU+zPdIHcUaWVNUEPivzxku31865sSSud0Da0W4lEeOPlmw93zLQchuQ==",
      "dependencies": {
        "faye-websocket": "^0.11.3",
        "uuid": "^8.3.2",
        "websocket-driver": "^0.7.4"
      }
    },
    "node_modules/sockjs-client": {
      "version": "0.0.0-unreleasable",
      "resolved": "git+ssh://git@github.com/substack/sockjs-client.git#40d48d06b4dba884416bf88a051f76ca3c8ffcae"
    },
    "node_modules/strap": {
      "version": "0.1.0",
      "resolved": "https://registry.npmjs.org/strap/-/strap-0.1.0.tgz",
      "integrity": "sha1-QEFiFAwrwmlJtibaX70GNsSYy6E=",
      "dependencies": {
        "commander": "~1.1.1",
        "wrench": "~1.5.1"
      },
      "bin": {
        "strap": "bin/strap",
        "strap-init": "bin/strap-init"
      }
    },
    "node_modules/through": {
      "version": "0.1.4",
      "resolved": "https://registry.npmjs.org/through/-/through-0.1.4.tgz",
      "integrity": "sha1-gFlXbYMwibPBjszTdYC/nMW1kTA="
    },
    "node_modules/uuid": {
      "version": "8.3.2",
      "resolved": "https://registry.npmjs.org/uuid/-/uuid-8.3.2.tgz",
      "integrity": "sha512-+NYs2QeMWy+GWFOEm9xnn6HCDp0l7QBD7ml8zLUmJ+93Q5NF0NocErnwkTkXVFNiX3/fpC6afS8Dhb/gz7R7eg==",
      "bin": {
        "uuid": "dist/bin/uuid"
      }
    },
    "node_modules/websocket-driver": {
      "version": "0.7.4",
      "resolved": "https://registry.npmjs.org/websocket-driver/-/websocket-driver-0.7.4.tgz",
      "integrity": "sha512-b17KeDIQVjvb0ssuSDF2cYXSg2iztliJ4B9WdsuB6J952qCPKmnVq4DyW5motImXHDC1cBT/1UezrJVsKw5zjg==",
      "dependencies": {
        "http-parser-js": ">=0.5.1",
        "safe-buffer": ">=5.1.0",
        "websocket-extensions": ">=0.1.1"
      },
      "engines": {
        "node": ">=0.8.0"
      }
    },
    "node_modules/websocket-extensions": {
      "version": "0.1.4",
      "resolved": "https://registry.npmjs.org/websocket-extensions/-/websocket-extensions-0.1.4.tgz",
      "integrity": "sha512-OqedPIGOfsDlo31UNwYbCFMSaO9m9G/0faIHj5/dZFDMFqPTcx6UwqyOy3COEaEOg/9VsGIpdqn62W5KhoKSpg==",
      "engines": {
        "node": ">=0.8.0"
      }
    },
    "node_modules/wordwrap": {
      "version": "0.0.3",
      "resolved": "https://registry.npmjs.org/wordwrap/-/wordwrap-0.0.3.tgz",
      "integrity": "sha1-o9XabNXAvAAI03I0u68b7WMFkQc=",
      "engines": {
        "node": ">=0.4.0"
      }
    },
    "node_modules/wrench": {
      "version": "1.5.9",
      "resolved": "https://registry.npmjs.org/wrench/-/wrench-1.5.9.tgz",
      "integrity": "sha1-QRaRxjqbJTGxcAJnJ5veyiOyFCo=",
      "deprecated": "wrench.js is deprecated! You should check out fs-extra (https://github.com/jprichardson/node-fs-extra) for any operations you were using wrench for. Thanks for all the usage over the years.",
      "engines": {
        "node": ">=0.1.97"
      }
    },
    "node_modules/xtend": {
      "version": "1.0.3",
      "resolved": "https://registry.npmjs.org/xtend/-/xtend-1.0.3.tgz",
      "integrity": "sha1-P12Tc1PM7Y4IU5mlY/2yJUHClgo=",
      "engines": {
        "node": ">=0.4"
      }
    }
  },
  "dependencies": {
    "backoff": {
      "version": "0.3.0",
      "resolved": "https://registry.npmjs.org/backoff/-/backoff-0.3.0.tgz",
      "integrity": "sha1-1jy6uQsEddPM8vrJKeEa+WOpZgg="
    },
    "boot": {
      "version": "0.8.2",
      "resolved": "https://registry.npmjs.org/boot/-/boot-0.8.2.tgz",
      "integrity": "sha1-wE/botofzLxc1BeW1QEA6ftL2yQ=",
      "requires": {
        "backoff": "~0.3.0",
        "duplexer": "~0.0.2",
        "mux-demux-shoe": "~0.2.4",
        "pause-stream": "0.0.3",
        "through": "~0.1.4"
      }
    },
    "commander": {
      "version": "1.1.1",
      "resolved": "https://registry.npmjs.org/commander/-/commander-1.1.1.tgz",
      "integrity": "sha1-UNFlGGiuYOzP8KLZ80WVN2vGsEE=",
      "requires": {
        "keypress": "0.1.x"
      }
    },
    "duplexer": {
      "version": "0.0.4",
      "resolved": "https://registry.npmjs.org/duplexer/-/duplexer-0.0.4.tgz",
      "integrity": "sha1-r8t/H4uNdPggcmFx1dZKyeSo/yA="
    },
    "event-stream": {
      "version": "2.2.3",
      "resolved": "https://registry.npmjs.org/event-stream/-/event-stream-2.2.3.tgz",
      "integrity": "sha1-AlAgWyWZFkkPZ4O0HC5Js/AdQvc=",
      "requires": {
        "duplexer": "0.0.1",
        "from": "~0",
        "map-stream": "0.0.1",
        "optimist": "0.2",
        "through": "0.0.4"
      },
      "dependencies": {
        "duplexer": {
          "version": "0.0.1",
          "resolved": "https://registry.npmjs.org/duplexer/-/duplexer-0.0.1.tgz",
          "integrity": "sha1-A8quBvDxOYehWsiY86g82KlwDaY="
        },
        "through": {
          "version": "0.0.4",
          "resolved": "https://registry.npmjs.org/through/-/through-0.0.4.tgz",
          "integrity": "sha1-C/Lw//r6rEusvFM2Z+mKrQC1iMg="
        }
      }
    },
    "faye-websocket": {
      "version": "0.11.4",
      "resolved": "https://registry.npmjs.org/faye-websocket/-/faye-websocket-0.11.4.tgz",
      "integrity": "sha512-CzbClwlXAuiRQAlUyfqPgvPoNKTckTPGfwZV4ZdAhVcP2lh9KUxJg2b5GkE7XbjKQ3YJnQ9z6D9ntLAlB+tP8g==",
      "requires": {
        "websocket-driver": ">=0.5.1"
      }
    },
    "from": {
      "version": "0.1.7",
      "resolved": "https://registry.npmjs.org/from/-/from-0.1.7.tgz",
      "integrity": "sha1-g8YK/Fi5xWmXAH7Rp2izqzA6RP4="
    },
    "http-parser-js": {
      "version": "0.5.6",
      "resolved": "https://registry.npmjs.org/http-parser-js/-/http-parser-js-0.5.6.tgz",
      "integrity": "sha512-vDlkRPDJn93swjcjqMSaGSPABbIarsr1TLAui/gLDXzV5VsJNdXNzMYDyNBLQkjWQCJ1uizu8T2oDMhmGt0PRA=="
    },
    "jquery": {
      "version": "3.6.0",
      "resolved": "https://registry.npmjs.org/jquery/-/jquery-3.6.0.tgz",
      "integrity": "sha512-JVzAR/AjBvVt2BmYhxRCSYysDsPcssdmTFnzyLEts9qNwmjmu4JTAMYubEfwVOSwpQ1I1sKKFcxhZCI2buerfw=="
    },
    "keypress": {
      "version": "0.1.0",
      "resolved": "https://registry.npmjs.org/keypress/-/keypress-0.1.0.tgz",
      "integrity": "sha1-SjGI1CkbZrT2XtuZ+AaqmuKTWSo="
    },
    "map-stream": {
      "version": "0.0.1",
      "resolved": "https://registry.npmjs.org/map-stream/-/map-stream-0.0.1.tgz",
      "integrity": "sha1-f9KiVPl+knKqY0cXv8PnPAZir6o="
    },
    "mux-demux": {
      "version": "git+ssh://git@github.com/Raynos/mux-demux.git#5ad47cac978f1879972dcada93bde8bec26fda64",
      "from": "mux-demux@git://github.com/Raynos/mux-demux.git#error-messages",
      "requires": {
        "event-stream": "~2.2",
        "xtend": "~1.0.3"
      }
    },
    "mux-demux-shoe": {
      "version": "0.2.7",
      "resolved": "https://registry.npmjs.org/mux-demux-shoe/-/mux-demux-shoe-0.2.7.tgz",
      "integrity": "sha1-V9o9rnwMFSAC1sijfqiSWOYD/DU=",
      "requires": {
        "mux-demux": "git://github.com/Raynos/mux-demux.git#error-messages",
        "shoe": "0.0.4"
      }
    },
    "optimist": {
      "version": "0.2.8",
      "resolved": "https://registry.npmjs.org/optimist/-/optimist-0.2.8.tgz",
      "integrity": "sha1-6YGrfiaLRXlIWTtVZ0wJmoFcrDE=",
      "requires": {
        "wordwrap": ">=0.0.1 <0.1.0"
      }
    },
    "pause-stream": {
      "version": "0.0.3",
      "resolved": "https://registry.npmjs.org/pause-stream/-/pause-stream-0.0.3.tgz",
      "integrity": "sha1-Uf8/6rI7fi10BYlwxZ2mM1mLWgI="
    },
    "safe-buffer": {
      "version": "5.2.1",
      "resolved": "https://registry.npmjs.org/safe-buffer/-/safe-buffer-5.2.1.tgz",
      "integrity": "sha512-rp3So07KcdmmKbGvgaNxQSJr7bGVSVk5S9Eq1F+ppbRo70+YeaDxkw5Dd8NPN+GD6bjnYm2VuPuCXmpuYvmCXQ=="
    },
    "shoe": {
      "version": "0.0.4",
      "resolved": "https://registry.npmjs.org/shoe/-/shoe-0.0.4.tgz",
      "integrity": "sha1-8EF8rhnI0UrtD+yIl1Swbozv+C4=",
      "requires": {
        "sockjs": "~0.3.1",
        "sockjs-client": "git://github.com/substack/sockjs-client.git#browserify-npm"
      }
    },
    "sockjs": {
      "version": "0.3.24",
      "resolved": "https://registry.npmjs.org/sockjs/-/sockjs-0.3.24.tgz",
      "integrity": "sha512-GJgLTZ7vYb/JtPSSZ10hsOYIvEYsjbNU+zPdIHcUaWVNUEPivzxku31865sSSud0Da0W4lEeOPlmw93zLQchuQ==",
      "requires": {
        "faye-websocket": "^0.11.3",
        "uuid": "^8.3.2",
        "websocket-driver": "^0.7.4"
      }
    },
    "sockjs-client": {
      "version": "git+ssh://git@github.com/substack/sockjs-client.git#40d48d06b4dba884416bf88a051f76ca3c8ffcae",
      "from": "sockjs-client@git://github.com/substack/sockjs-client.git#browserify-npm"
    },
    "strap": {
      "version": "0.1.0",
      "resolved": "https://registry.npmjs.org/strap/-/strap-0.1.0.tgz",
      "integrity": "sha1-QEFiFAwrwmlJtibaX70GNsSYy6E=",
      "requires": {
        "commander": "~1.1.1",
        "wrench": "~1.5.1"
      }
    },
    "through": {
      "version": "0.1.4",
      "resolved": "https://registry.npmjs.org/through/-/through-0.1.4.tgz",
      "integrity": "sha1-gFlXbYMwibPBjszTdYC/nMW1kTA="
    },
    "uuid": {
      "version": "8.3.2",
      "resolved": "https://registry.npmjs.org/uuid/-/uuid-8.3.2.tgz",
      "integrity": "sha512-+NYs2QeMWy+GWFOEm9xnn6HCDp0l7QBD7ml8zLUmJ+93Q5NF0NocErnwkTkXVFNiX3/fpC6afS8Dhb/gz7R7eg=="
    },
    "websocket-driver": {
      "version": "0.7.4",
      "resolved": "https://registry.npmjs.org/websocket-driver/-/websocket-driver-0.7.4.tgz",
      "integrity": "sha512-b17KeDIQVjvb0ssuSDF2cYXSg2iztliJ4B9WdsuB6J952qCPKmnVq4DyW5motImXHDC1cBT/1UezrJVsKw5zjg==",
      "requires": {
        "http-parser-js": ">=0.5.1",
        "safe-buffer": ">=5.1.0",
        "websocket-extensions": ">=0.1.1"
      }
    },
    "websocket-extensions": {
      "version": "0.1.4",
      "resolved": "https://registry.npmjs.org/websocket-extensions/-/websocket-extensions-0.1.4.tgz",
      "integrity": "sha512-OqedPIGOfsDlo31UNwYbCFMSaO9m9G/0faIHj5/dZFDMFqPTcx6UwqyOy3COEaEOg/9VsGIpdqn62W5KhoKSpg=="
    },
    "wordwrap": {
      "version": "0.0.3",
      "resolved": "https://registry.npmjs.org/wordwrap/-/wordwrap-0.0.3.tgz",
      "integrity": "sha1-o9XabNXAvAAI03I0u68b7WMFkQc="
    },
    "wrench": {
      "version": "1.5.9",
      "resolved": "https://registry.npmjs.org/wrench/-/wrench-1.5.9.tgz",
      "integrity": "sha1-QRaRxjqbJTGxcAJnJ5veyiOyFCo="
    },
    "xtend": {
      "version": "1.0.3",
      "resolved": "https://registry.npmjs.org/xtend/-/xtend-1.0.3.tgz",
      "integrity": "sha1-P12Tc1PM7Y4IU5mlY/2yJUHClgo="
    }
  }
}
